
Microsoft Visual Studio Solution File, Format Version 12.00
# Visual Studio 14
VisualStudioVersion = 14.0.25420.1
MinimumVisualStudioVersion = 10.0.40219.1
Project("{E24C65DC-7377-472B-9ABA-BC803B73C61A}") = "CS3870", ".", "{0B9DDFA4-1E86-44A2-85F5-8F1F1D4CC038}"
	ProjectSection(WebsiteProperties) = preProject
		TargetFrameworkMoniker = ".NETFramework,Version%3Dv4.0"
		Debug.AspNetCompiler.VirtualPath = "/localhost_53106"
		Debug.AspNetCompiler.PhysicalPath = "..\..\..\..\..\..\Projects\CS3870\"
		Debug.AspNetCompiler.TargetPath = "PrecompiledWeb\localhost_53106\"
		Debug.AspNetCompiler.Updateable = "true"
		Debug.AspNetCompiler.ForceOverwrite = "true"
		Debug.AspNetCompiler.FixedNames = "false"
		Debug.AspNetCompiler.Debug = "True"
		Release.AspNetCompiler.VirtualPath = "/localhost_53106"
		Release.AspNetCompiler.PhysicalPath = "..\..\..\..\..\..\Projects\CS3870\"
		Release.AspNetCompiler.TargetPath = "PrecompiledWeb\localhost_53106\"
		Release.AspNetCompiler.Updateable = "true"
		Release.AspNetCompiler.ForceOverwrite = "true"
		Release.AspNetCompiler.FixedNames = "false"
		Release.AspNetCompiler.Debug = "False"
		VWDPort = "53106"
	EndProjectSection
EndProject
Global
	GlobalSection(SolutionConfigurationPlatforms) = preSolution
		Debug|Any CPU = Debug|Any CPU
	EndGlobalSection
	GlobalSection(ProjectConfigurationPlatforms) = postSolution
		{0B9DDFA4-1E86-44A2-85F5-8F1F1D4CC038}.Debug|Any CPU.ActiveCfg = Debug|Any CPU
		{0B9DDFA4-1E86-44A2-85F5-8F1F1D4CC038}.Debug|Any CPU.Build.0 = Debug|Any CPU
	EndGlobalSection
	GlobalSection(SolutionProperties) = preSolution
		HideSolutionNode = FALSE
	EndGlobalSection
EndGlobal
